// !$*UTF8*$!
{
	archiveVersion = 1;
	classes = {
	};
	objectVersion = 77;
	objects = {

/* Begin PBXBuildFile section */
		780EAEF42CA7D85B004624B3 /* Preview Assets.xcassets in Resources */ = {isa = PBXBuildFile; fileRef = 780EAEEC2CA7D85B004624B3 /* Preview Assets.xcassets */; };
		780EAEF52CA7D85B004624B3 /* Assets.xcassets in Resources */ = {isa = PBXBuildFile; fileRef = 780EAEEE2CA7D85B004624B3 /* Assets.xcassets */; };
		780EAEF82CA7D85B004624B3 /* ContentView.swift in Sources */ = {isa = PBXBuildFile; fileRef = 780EAEEF2CA7D85B004624B3 /* ContentView.swift */; };
		780EAEFA2CA7D85B004624B3 /* SwiftVNApp.swift in Sources */ = {isa = PBXBuildFile; fileRef = 780EAEF22CA7D85B004624B3 /* SwiftVNApp.swift */; };
		780EAEFD2CA7D863004624B3 /* SwiftVNTests.swift in Sources */ = {isa = PBXBuildFile; fileRef = 780EAEFB2CA7D863004624B3 /* SwiftVNTests.swift */; };
		780EAF012CA7D866004624B3 /* SwiftVNUITests.swift in Sources */ = {isa = PBXBuildFile; fileRef = 780EAEFE2CA7D866004624B3 /* SwiftVNUITests.swift */; };
		780EAF022CA7D866004624B3 /* SwiftVNUITestsLaunchTests.swift in Sources */ = {isa = PBXBuildFile; fileRef = 780EAEFF2CA7D866004624B3 /* SwiftVNUITestsLaunchTests.swift */; };
		7817415F2CA89B9500D0B3B9 /* Logging in Frameworks */ = {isa = PBXBuildFile; productRef = 7817415E2CA89B9500D0B3B9 /* Logging */; };
		781741612CA89C9400D0B3B9 /* LoggerFactory.swift in Sources */ = {isa = PBXBuildFile; fileRef = 781741602CA89C8E00D0B3B9 /* LoggerFactory.swift */; };
		781A29B92CA7F66900234AF6 /* VLCKit.xcframework in Frameworks */ = {isa = PBXBuildFile; fileRef = 781A29B82CA7F66900234AF6 /* VLCKit.xcframework */; };
		781A29BA2CA7F66900234AF6 /* VLCKit.xcframework in Embed Frameworks */ = {isa = PBXBuildFile; fileRef = 781A29B82CA7F66900234AF6 /* VLCKit.xcframework */; settings = {ATTRIBUTES = (CodeSignOnCopy, RemoveHeadersOnCopy, ); }; };
		7824DE3C2CA819E9003383A7 /* SwiftVN.swift in Sources */ = {isa = PBXBuildFile; fileRef = 7824DE3B2CA819E0003383A7 /* SwiftVN.swift */; };
		7859C39C2CA849C200051A60 /* ZIPFoundation in Frameworks */ = {isa = PBXBuildFile; productRef = 7859C39B2CA849C200051A60 /* ZIPFoundation */; };
		788EC63B2CA848F1006A3562 /* ArchiveManager.swift in Sources */ = {isa = PBXBuildFile; fileRef = 788EC63A2CA848EF006A3562 /* ArchiveManager.swift */; };
		788FBCEF2CA92DCD00B976A9 /* TextNode.swift in Sources */ = {isa = PBXBuildFile; fileRef = 788FBCEE2CA92DCA00B976A9 /* TextNode.swift */; };
		78918ACB2CA8C28900632961 /* AudioManager.swift in Sources */ = {isa = PBXBuildFile; fileRef = 78918AC72CA8C28900632961 /* AudioManager.swift */; };
		78918ACC2CA8C28900632961 /* SceneLoader.swift in Sources */ = {isa = PBXBuildFile; fileRef = 78918AC82CA8C28900632961 /* SceneLoader.swift */; };
		78918ACD2CA8C28900632961 /* ScriptManager.swift in Sources */ = {isa = PBXBuildFile; fileRef = 78918AC92CA8C28900632961 /* ScriptManager.swift */; };
		78918ACF2CA8C29D00632961 /* VNScene.swift in Sources */ = {isa = PBXBuildFile; fileRef = 78918ACE2CA8C29200632961 /* VNScene.swift */; };
		78F0CE5B2CA843FD004BBDB6 /* Loadable.swift in Sources */ = {isa = PBXBuildFile; fileRef = 78F0CE5A2CA843FB004BBDB6 /* Loadable.swift */; };
/* End PBXBuildFile section */

/* Begin PBXContainerItemProxy section */
		780EAE522CA76483004624B3 /* PBXContainerItemProxy */ = {
			isa = PBXContainerItemProxy;
			containerPortal = 780EAE372CA76481004624B3 /* Project object */;
			proxyType = 1;
			remoteGlobalIDString = 780EAE3E2CA76481004624B3;
			remoteInfo = SwiftVN;
		};
		780EAE5C2CA76483004624B3 /* PBXContainerItemProxy */ = {
			isa = PBXContainerItemProxy;
			containerPortal = 780EAE372CA76481004624B3 /* Project object */;
			proxyType = 1;
			remoteGlobalIDString = 780EAE3E2CA76481004624B3;
			remoteInfo = SwiftVN;
		};
/* End PBXContainerItemProxy section */

/* Begin PBXCopyFilesBuildPhase section */
		781A29BB2CA7F66900234AF6 /* Embed Frameworks */ = {
			isa = PBXCopyFilesBuildPhase;
			buildActionMask = 2147483647;
			dstPath = "";
			dstSubfolderSpec = 10;
			files = (
				781A29BA2CA7F66900234AF6 /* VLCKit.xcframework in Embed Frameworks */,
			);
			name = "Embed Frameworks";
			runOnlyForDeploymentPostprocessing = 0;
		};
/* End PBXCopyFilesBuildPhase section */

/* Begin PBXFileReference section */
		780EAE3F2CA76481004624B3 /* SwiftVN.app */ = {isa = PBXFileReference; explicitFileType = wrapper.application; includeInIndex = 0; path = SwiftVN.app; sourceTree = BUILT_PRODUCTS_DIR; };
		780EAE512CA76483004624B3 /* SwiftVNTests.xctest */ = {isa = PBXFileReference; explicitFileType = wrapper.cfbundle; includeInIndex = 0; path = SwiftVNTests.xctest; sourceTree = BUILT_PRODUCTS_DIR; };
		780EAE5B2CA76483004624B3 /* SwiftVNUITests.xctest */ = {isa = PBXFileReference; explicitFileType = wrapper.cfbundle; includeInIndex = 0; path = SwiftVNUITests.xctest; sourceTree = BUILT_PRODUCTS_DIR; };
		780EAEEC2CA7D85B004624B3 /* Preview Assets.xcassets */ = {isa = PBXFileReference; lastKnownFileType = folder.assetcatalog; path = "Preview Assets.xcassets"; sourceTree = "<group>"; };
		780EAEEE2CA7D85B004624B3 /* Assets.xcassets */ = {isa = PBXFileReference; lastKnownFileType = folder.assetcatalog; path = Assets.xcassets; sourceTree = "<group>"; };
		780EAEEF2CA7D85B004624B3 /* ContentView.swift */ = {isa = PBXFileReference; lastKnownFileType = sourcecode.swift; path = ContentView.swift; sourceTree = "<group>"; };
		780EAEF22CA7D85B004624B3 /* SwiftVNApp.swift */ = {isa = PBXFileReference; lastKnownFileType = sourcecode.swift; path = SwiftVNApp.swift; sourceTree = "<group>"; };
		780EAEFB2CA7D863004624B3 /* SwiftVNTests.swift */ = {isa = PBXFileReference; lastKnownFileType = sourcecode.swift; path = SwiftVNTests.swift; sourceTree = "<group>"; };
		780EAEFE2CA7D866004624B3 /* SwiftVNUITests.swift */ = {isa = PBXFileReference; lastKnownFileType = sourcecode.swift; path = SwiftVNUITests.swift; sourceTree = "<group>"; };
		780EAEFF2CA7D866004624B3 /* SwiftVNUITestsLaunchTests.swift */ = {isa = PBXFileReference; lastKnownFileType = sourcecode.swift; path = SwiftVNUITestsLaunchTests.swift; sourceTree = "<group>"; };
		781741602CA89C8E00D0B3B9 /* LoggerFactory.swift */ = {isa = PBXFileReference; lastKnownFileType = sourcecode.swift; path = LoggerFactory.swift; sourceTree = "<group>"; };
		781A29B02CA7DE0300234AF6 /* SwiftVN-Bridging-Header.h */ = {isa = PBXFileReference; lastKnownFileType = sourcecode.c.h; path = "SwiftVN-Bridging-Header.h"; sourceTree = "<group>"; };
		781A29B82CA7F66900234AF6 /* VLCKit.xcframework */ = {isa = PBXFileReference; lastKnownFileType = wrapper.xcframework; name = VLCKit.xcframework; path = Carthage/Build/VLCKit.xcframework; sourceTree = "<group>"; };
		7824DE3B2CA819E0003383A7 /* SwiftVN.swift */ = {isa = PBXFileReference; lastKnownFileType = sourcecode.swift; path = SwiftVN.swift; sourceTree = "<group>"; };
		787942252CA99B4200C50CC1 /* TODO.md */ = {isa = PBXFileReference; lastKnownFileType = net.daringfireball.markdown; path = TODO.md; sourceTree = "<group>"; };
		787942262CA99B4700C50CC1 /* README.md */ = {isa = PBXFileReference; lastKnownFileType = net.daringfireball.markdown; path = README.md; sourceTree = "<group>"; };
		788EC63A2CA848EF006A3562 /* ArchiveManager.swift */ = {isa = PBXFileReference; lastKnownFileType = sourcecode.swift; path = ArchiveManager.swift; sourceTree = "<group>"; };
		788FBCEE2CA92DCA00B976A9 /* TextNode.swift */ = {isa = PBXFileReference; lastKnownFileType = sourcecode.swift; path = TextNode.swift; sourceTree = "<group>"; };
		78918AC72CA8C28900632961 /* AudioManager.swift */ = {isa = PBXFileReference; lastKnownFileType = sourcecode.swift; path = AudioManager.swift; sourceTree = "<group>"; };
		78918AC82CA8C28900632961 /* SceneLoader.swift */ = {isa = PBXFileReference; lastKnownFileType = sourcecode.swift; path = SceneLoader.swift; sourceTree = "<group>"; };
		78918AC92CA8C28900632961 /* ScriptManager.swift */ = {isa = PBXFileReference; lastKnownFileType = sourcecode.swift; path = ScriptManager.swift; sourceTree = "<group>"; };
		78918ACE2CA8C29200632961 /* VNScene.swift */ = {isa = PBXFileReference; lastKnownFileType = sourcecode.swift; path = VNScene.swift; sourceTree = "<group>"; };
		78F0CE5A2CA843FB004BBDB6 /* Loadable.swift */ = {isa = PBXFileReference; lastKnownFileType = sourcecode.swift; path = Loadable.swift; sourceTree = "<group>"; };
/* End PBXFileReference section */

/* Begin PBXFrameworksBuildPhase section */
		780EAE3C2CA76481004624B3 /* Frameworks */ = {
			isa = PBXFrameworksBuildPhase;
			buildActionMask = 2147483647;
			files = (
				7817415F2CA89B9500D0B3B9 /* Logging in Frameworks */,
				781A29B92CA7F66900234AF6 /* VLCKit.xcframework in Frameworks */,
				7859C39C2CA849C200051A60 /* ZIPFoundation in Frameworks */,
			);
			runOnlyForDeploymentPostprocessing = 0;
		};
		780EAE4E2CA76483004624B3 /* Frameworks */ = {
			isa = PBXFrameworksBuildPhase;
			buildActionMask = 2147483647;
			files = (
			);
			runOnlyForDeploymentPostprocessing = 0;
		};
		780EAE582CA76483004624B3 /* Frameworks */ = {
			isa = PBXFrameworksBuildPhase;
			buildActionMask = 2147483647;
			files = (
			);
			runOnlyForDeploymentPostprocessing = 0;
		};
/* End PBXFrameworksBuildPhase section */

/* Begin PBXGroup section */
		780EAE362CA76481004624B3 = {
			isa = PBXGroup;
			children = (
				781A29A72CA7DCC000234AF6 /* Frameworks */,
				780EAE402CA76481004624B3 /* Products */,
				787942262CA99B4700C50CC1 /* README.md */,
				780EAEF32CA7D85B004624B3 /* SwiftVN */,
				780EAEFC2CA7D863004624B3 /* SwiftVNTests */,
				780EAF002CA7D866004624B3 /* SwiftVNUITests */,
				787942252CA99B4200C50CC1 /* TODO.md */,
			);
			sourceTree = "<group>";
		};
		780EAE402CA76481004624B3 /* Products */ = {
			isa = PBXGroup;
			children = (
				780EAE3F2CA76481004624B3 /* SwiftVN.app */,
				780EAE512CA76483004624B3 /* SwiftVNTests.xctest */,
				780EAE5B2CA76483004624B3 /* SwiftVNUITests.xctest */,
			);
			name = Products;
			sourceTree = "<group>";
		};
		780EAEED2CA7D85B004624B3 /* Preview Content */ = {
			isa = PBXGroup;
			children = (
				780EAEEC2CA7D85B004624B3 /* Preview Assets.xcassets */,
			);
			path = "Preview Content";
			sourceTree = "<group>";
		};
		780EAEF32CA7D85B004624B3 /* SwiftVN */ = {
			isa = PBXGroup;
			children = (
				780EAEEE2CA7D85B004624B3 /* Assets.xcassets */,
				780EAEEF2CA7D85B004624B3 /* ContentView.swift */,
				78F0CE592CA843F5004BBDB6 /* Core */,
				780EAEED2CA7D85B004624B3 /* Preview Content */,
				7824DE3B2CA819E0003383A7 /* SwiftVN.swift */,
				781A29B02CA7DE0300234AF6 /* SwiftVN-Bridging-Header.h */,
				780EAEF22CA7D85B004624B3 /* SwiftVNApp.swift */,
				78918ACA2CA8C28900632961 /* VNDS */,
			);
			path = SwiftVN;
			sourceTree = "<group>";
		};
		780EAEFC2CA7D863004624B3 /* SwiftVNTests */ = {
			isa = PBXGroup;
			children = (
				780EAEFB2CA7D863004624B3 /* SwiftVNTests.swift */,
			);
			path = SwiftVNTests;
			sourceTree = "<group>";
		};
		780EAF002CA7D866004624B3 /* SwiftVNUITests */ = {
			isa = PBXGroup;
			children = (
				780EAEFE2CA7D866004624B3 /* SwiftVNUITests.swift */,
				780EAEFF2CA7D866004624B3 /* SwiftVNUITestsLaunchTests.swift */,
			);
			path = SwiftVNUITests;
			sourceTree = "<group>";
		};
		781A29A72CA7DCC000234AF6 /* Frameworks */ = {
			isa = PBXGroup;
			children = (
				781A29B82CA7F66900234AF6 /* VLCKit.xcframework */,
			);
			name = Frameworks;
			sourceTree = "<group>";
		};
		78918ACA2CA8C28900632961 /* VNDS */ = {
			isa = PBXGroup;
			children = (
				788FBCEE2CA92DCA00B976A9 /* TextNode.swift */,
				78918AC72CA8C28900632961 /* AudioManager.swift */,
				78918AC82CA8C28900632961 /* SceneLoader.swift */,
				78918AC92CA8C28900632961 /* ScriptManager.swift */,
				78918ACE2CA8C29200632961 /* VNScene.swift */,
			);
			path = VNDS;
			sourceTree = "<group>";
		};
		78F0CE592CA843F5004BBDB6 /* Core */ = {
			isa = PBXGroup;
			children = (
				788EC63A2CA848EF006A3562 /* ArchiveManager.swift */,
				78F0CE5A2CA843FB004BBDB6 /* Loadable.swift */,
				781741602CA89C8E00D0B3B9 /* LoggerFactory.swift */,
			);
			path = Core;
			sourceTree = "<group>";
		};
/* End PBXGroup section */

/* Begin PBXNativeTarget section */
		780EAE3E2CA76481004624B3 /* SwiftVN */ = {
			isa = PBXNativeTarget;
			buildConfigurationList = 780EAE652CA76483004624B3 /* Build configuration list for PBXNativeTarget "SwiftVN" */;
			buildPhases = (
				780EAE3B2CA76481004624B3 /* Sources */,
				780EAE3C2CA76481004624B3 /* Frameworks */,
				780EAE3D2CA76481004624B3 /* Resources */,
				781A29BB2CA7F66900234AF6 /* Embed Frameworks */,
			);
			buildRules = (
			);
			dependencies = (
			);
			name = SwiftVN;
			packageProductDependencies = (
				7859C39B2CA849C200051A60 /* ZIPFoundation */,
				7817415E2CA89B9500D0B3B9 /* Logging */,
			);
			productName = SwiftVN;
			productReference = 780EAE3F2CA76481004624B3 /* SwiftVN.app */;
			productType = "com.apple.product-type.application";
		};
		780EAE502CA76483004624B3 /* SwiftVNTests */ = {
			isa = PBXNativeTarget;
			buildConfigurationList = 780EAE682CA76483004624B3 /* Build configuration list for PBXNativeTarget "SwiftVNTests" */;
			buildPhases = (
				780EAE4D2CA76483004624B3 /* Sources */,
				780EAE4E2CA76483004624B3 /* Frameworks */,
				780EAE4F2CA76483004624B3 /* Resources */,
			);
			buildRules = (
			);
			dependencies = (
				780EAE532CA76483004624B3 /* PBXTargetDependency */,
			);
			name = SwiftVNTests;
			packageProductDependencies = (
			);
			productName = SwiftVNTests;
			productReference = 780EAE512CA76483004624B3 /* SwiftVNTests.xctest */;
			productType = "com.apple.product-type.bundle.unit-test";
		};
		780EAE5A2CA76483004624B3 /* SwiftVNUITests */ = {
			isa = PBXNativeTarget;
			buildConfigurationList = 780EAE6B2CA76483004624B3 /* Build configuration list for PBXNativeTarget "SwiftVNUITests" */;
			buildPhases = (
				780EAE572CA76483004624B3 /* Sources */,
				780EAE582CA76483004624B3 /* Frameworks */,
				780EAE592CA76483004624B3 /* Resources */,
			);
			buildRules = (
			);
			dependencies = (
				780EAE5D2CA76483004624B3 /* PBXTargetDependency */,
			);
			name = SwiftVNUITests;
			packageProductDependencies = (
			);
			productName = SwiftVNUITests;
			productReference = 780EAE5B2CA76483004624B3 /* SwiftVNUITests.xctest */;
			productType = "com.apple.product-type.bundle.ui-testing";
		};
/* End PBXNativeTarget section */

/* Begin PBXProject section */
		780EAE372CA76481004624B3 /* Project object */ = {
			isa = PBXProject;
			attributes = {
				BuildIndependentTargetsInParallel = 1;
				LastSwiftUpdateCheck = 1600;
				LastUpgradeCheck = 1600;
				TargetAttributes = {
					780EAE3E2CA76481004624B3 = {
						CreatedOnToolsVersion = 16.0;
						LastSwiftMigration = 1600;
					};
					780EAE502CA76483004624B3 = {
						CreatedOnToolsVersion = 16.0;
						TestTargetID = 780EAE3E2CA76481004624B3;
					};
					780EAE5A2CA76483004624B3 = {
						CreatedOnToolsVersion = 16.0;
						TestTargetID = 780EAE3E2CA76481004624B3;
					};
				};
			};
			buildConfigurationList = 780EAE3A2CA76481004624B3 /* Build configuration list for PBXProject "SwiftVN" */;
			developmentRegion = en;
			hasScannedForEncodings = 0;
			knownRegions = (
				en,
				Base,
			);
			mainGroup = 780EAE362CA76481004624B3;
			minimizedProjectReferenceProxies = 1;
			packageReferences = (
				7859C39A2CA849C200051A60 /* XCRemoteSwiftPackageReference "ZIPFoundation" */,
				7817415D2CA89B9500D0B3B9 /* XCRemoteSwiftPackageReference "swift-log" */,
			);
			preferredProjectObjectVersion = 77;
			productRefGroup = 780EAE402CA76481004624B3 /* Products */;
			projectDirPath = "";
			projectRoot = "";
			targets = (
				780EAE3E2CA76481004624B3 /* SwiftVN */,
				780EAE502CA76483004624B3 /* SwiftVNTests */,
				780EAE5A2CA76483004624B3 /* SwiftVNUITests */,
			);
		};
/* End PBXProject section */

/* Begin PBXResourcesBuildPhase section */
		780EAE3D2CA76481004624B3 /* Resources */ = {
			isa = PBXResourcesBuildPhase;
			buildActionMask = 2147483647;
			files = (
				780EAEF42CA7D85B004624B3 /* Preview Assets.xcassets in Resources */,
				780EAEF52CA7D85B004624B3 /* Assets.xcassets in Resources */,
			);
			runOnlyForDeploymentPostprocessing = 0;
		};
		780EAE4F2CA76483004624B3 /* Resources */ = {
			isa = PBXResourcesBuildPhase;
			buildActionMask = 2147483647;
			files = (
			);
			runOnlyForDeploymentPostprocessing = 0;
		};
		780EAE592CA76483004624B3 /* Resources */ = {
			isa = PBXResourcesBuildPhase;
			buildActionMask = 2147483647;
			files = (
			);
			runOnlyForDeploymentPostprocessing = 0;
		};
/* End PBXResourcesBuildPhase section */

/* Begin PBXSourcesBuildPhase section */
		780EAE3B2CA76481004624B3 /* Sources */ = {
			isa = PBXSourcesBuildPhase;
			buildActionMask = 2147483647;
			files = (
				78F0CE5B2CA843FD004BBDB6 /* Loadable.swift in Sources */,
				788EC63B2CA848F1006A3562 /* ArchiveManager.swift in Sources */,
				780EAEF82CA7D85B004624B3 /* ContentView.swift in Sources */,
				788FBCEF2CA92DCD00B976A9 /* TextNode.swift in Sources */,
				780EAEFA2CA7D85B004624B3 /* SwiftVNApp.swift in Sources */,
				78918ACF2CA8C29D00632961 /* VNScene.swift in Sources */,
				781741612CA89C9400D0B3B9 /* LoggerFactory.swift in Sources */,
				78918ACB2CA8C28900632961 /* AudioManager.swift in Sources */,
				78918ACC2CA8C28900632961 /* SceneLoader.swift in Sources */,
				78918ACD2CA8C28900632961 /* ScriptManager.swift in Sources */,
				7824DE3C2CA819E9003383A7 /* SwiftVN.swift in Sources */,
			);
			runOnlyForDeploymentPostprocessing = 0;
		};
		780EAE4D2CA76483004624B3 /* Sources */ = {
			isa = PBXSourcesBuildPhase;
			buildActionMask = 2147483647;
			files = (
				780EAEFD2CA7D863004624B3 /* SwiftVNTests.swift in Sources */,
			);
			runOnlyForDeploymentPostprocessing = 0;
		};
		780EAE572CA76483004624B3 /* Sources */ = {
			isa = PBXSourcesBuildPhase;
			buildActionMask = 2147483647;
			files = (
				780EAF012CA7D866004624B3 /* SwiftVNUITests.swift in Sources */,
				780EAF022CA7D866004624B3 /* SwiftVNUITestsLaunchTests.swift in Sources */,
			);
			runOnlyForDeploymentPostprocessing = 0;
		};
/* End PBXSourcesBuildPhase section */

/* Begin PBXTargetDependency section */
		780EAE532CA76483004624B3 /* PBXTargetDependency */ = {
			isa = PBXTargetDependency;
			target = 780EAE3E2CA76481004624B3 /* SwiftVN */;
			targetProxy = 780EAE522CA76483004624B3 /* PBXContainerItemProxy */;
		};
		780EAE5D2CA76483004624B3 /* PBXTargetDependency */ = {
			isa = PBXTargetDependency;
			target = 780EAE3E2CA76481004624B3 /* SwiftVN */;
			targetProxy = 780EAE5C2CA76483004624B3 /* PBXContainerItemProxy */;
		};
/* End PBXTargetDependency section */

/* Begin XCBuildConfiguration section */
		780EAE632CA76483004624B3 /* Debug */ = {
			isa = XCBuildConfiguration;
			buildSettings = {
				ALWAYS_SEARCH_USER_PATHS = NO;
				ASSETCATALOG_COMPILER_GENERATE_SWIFT_ASSET_SYMBOL_EXTENSIONS = YES;
				CLANG_ANALYZER_NONNULL = YES;
				CLANG_ANALYZER_NUMBER_OBJECT_CONVERSION = YES_AGGRESSIVE;
				CLANG_CXX_LANGUAGE_STANDARD = "gnu++20";
				CLANG_ENABLE_MODULES = YES;
				CLANG_ENABLE_OBJC_ARC = YES;
				CLANG_ENABLE_OBJC_WEAK = YES;
				CLANG_WARN_BLOCK_CAPTURE_AUTORELEASING = YES;
				CLANG_WARN_BOOL_CONVERSION = YES;
				CLANG_WARN_COMMA = YES;
				CLANG_WARN_CONSTANT_CONVERSION = YES;
				CLANG_WARN_DEPRECATED_OBJC_IMPLEMENTATIONS = YES;
				CLANG_WARN_DIRECT_OBJC_ISA_USAGE = YES_ERROR;
				CLANG_WARN_DOCUMENTATION_COMMENTS = YES;
				CLANG_WARN_EMPTY_BODY = YES;
				CLANG_WARN_ENUM_CONVERSION = YES;
				CLANG_WARN_INFINITE_RECURSION = YES;
				CLANG_WARN_INT_CONVERSION = YES;
				CLANG_WARN_NON_LITERAL_NULL_CONVERSION = YES;
				CLANG_WARN_OBJC_IMPLICIT_RETAIN_SELF = YES;
				CLANG_WARN_OBJC_LITERAL_CONVERSION = YES;
				CLANG_WARN_OBJC_ROOT_CLASS = YES_ERROR;
				CLANG_WARN_QUOTED_INCLUDE_IN_FRAMEWORK_HEADER = YES;
				CLANG_WARN_RANGE_LOOP_ANALYSIS = YES;
				CLANG_WARN_STRICT_PROTOTYPES = YES;
				CLANG_WARN_SUSPICIOUS_MOVE = YES;
				CLANG_WARN_UNGUARDED_AVAILABILITY = YES_AGGRESSIVE;
				CLANG_WARN_UNREACHABLE_CODE = YES;
				CLANG_WARN__DUPLICATE_METHOD_MATCH = YES;
				COPY_PHASE_STRIP = NO;
				DEBUG_INFORMATION_FORMAT = dwarf;
				ENABLE_STRICT_OBJC_MSGSEND = YES;
				ENABLE_TESTABILITY = YES;
				ENABLE_USER_SCRIPT_SANDBOXING = YES;
				GCC_C_LANGUAGE_STANDARD = gnu17;
				GCC_DYNAMIC_NO_PIC = NO;
				GCC_NO_COMMON_BLOCKS = YES;
				GCC_OPTIMIZATION_LEVEL = 0;
				GCC_PREPROCESSOR_DEFINITIONS = (
					"DEBUG=1",
					"$(inherited)",
				);
				GCC_WARN_64_TO_32_BIT_CONVERSION = YES;
				GCC_WARN_ABOUT_RETURN_TYPE = YES_ERROR;
				GCC_WARN_UNDECLARED_SELECTOR = YES;
				GCC_WARN_UNINITIALIZED_AUTOS = YES_AGGRESSIVE;
				GCC_WARN_UNUSED_FUNCTION = YES;
				GCC_WARN_UNUSED_VARIABLE = YES;
				IPHONEOS_DEPLOYMENT_TARGET = 17.6;
				LOCALIZATION_PREFERS_STRING_CATALOGS = YES;
				MTL_ENABLE_DEBUG_INFO = INCLUDE_SOURCE;
				MTL_FAST_MATH = YES;
				ONLY_ACTIVE_ARCH = YES;
				SDKROOT = iphoneos;
				SWIFT_ACTIVE_COMPILATION_CONDITIONS = "DEBUG $(inherited)";
				SWIFT_OPTIMIZATION_LEVEL = "-Onone";
			};
			name = Debug;
		};
		780EAE642CA76483004624B3 /* Release */ = {
			isa = XCBuildConfiguration;
			buildSettings = {
				ALWAYS_SEARCH_USER_PATHS = NO;
				ASSETCATALOG_COMPILER_GENERATE_SWIFT_ASSET_SYMBOL_EXTENSIONS = YES;
				CLANG_ANALYZER_NONNULL = YES;
				CLANG_ANALYZER_NUMBER_OBJECT_CONVERSION = YES_AGGRESSIVE;
				CLANG_CXX_LANGUAGE_STANDARD = "gnu++20";
				CLANG_ENABLE_MODULES = YES;
				CLANG_ENABLE_OBJC_ARC = YES;
				CLANG_ENABLE_OBJC_WEAK = YES;
				CLANG_WARN_BLOCK_CAPTURE_AUTORELEASING = YES;
				CLANG_WARN_BOOL_CONVERSION = YES;
				CLANG_WARN_COMMA = YES;
				CLANG_WARN_CONSTANT_CONVERSION = YES;
				CLANG_WARN_DEPRECATED_OBJC_IMPLEMENTATIONS = YES;
				CLANG_WARN_DIRECT_OBJC_ISA_USAGE = YES_ERROR;
				CLANG_WARN_DOCUMENTATION_COMMENTS = YES;
				CLANG_WARN_EMPTY_BODY = YES;
				CLANG_WARN_ENUM_CONVERSION = YES;
				CLANG_WARN_INFINITE_RECURSION = YES;
				CLANG_WARN_INT_CONVERSION = YES;
				CLANG_WARN_NON_LITERAL_NULL_CONVERSION = YES;
				CLANG_WARN_OBJC_IMPLICIT_RETAIN_SELF = YES;
				CLANG_WARN_OBJC_LITERAL_CONVERSION = YES;
				CLANG_WARN_OBJC_ROOT_CLASS = YES_ERROR;
				CLANG_WARN_QUOTED_INCLUDE_IN_FRAMEWORK_HEADER = YES;
				CLANG_WARN_RANGE_LOOP_ANALYSIS = YES;
				CLANG_WARN_STRICT_PROTOTYPES = YES;
				CLANG_WARN_SUSPICIOUS_MOVE = YES;
				CLANG_WARN_UNGUARDED_AVAILABILITY = YES_AGGRESSIVE;
				CLANG_WARN_UNREACHABLE_CODE = YES;
				CLANG_WARN__DUPLICATE_METHOD_MATCH = YES;
				COPY_PHASE_STRIP = NO;
				DEBUG_INFORMATION_FORMAT = "dwarf-with-dsym";
				ENABLE_NS_ASSERTIONS = NO;
				ENABLE_STRICT_OBJC_MSGSEND = YES;
				ENABLE_USER_SCRIPT_SANDBOXING = YES;
				GCC_C_LANGUAGE_STANDARD = gnu17;
				GCC_NO_COMMON_BLOCKS = YES;
				GCC_WARN_64_TO_32_BIT_CONVERSION = YES;
				GCC_WARN_ABOUT_RETURN_TYPE = YES_ERROR;
				GCC_WARN_UNDECLARED_SELECTOR = YES;
				GCC_WARN_UNINITIALIZED_AUTOS = YES_AGGRESSIVE;
				GCC_WARN_UNUSED_FUNCTION = YES;
				GCC_WARN_UNUSED_VARIABLE = YES;
				IPHONEOS_DEPLOYMENT_TARGET = 17.6;
				LOCALIZATION_PREFERS_STRING_CATALOGS = YES;
				MTL_ENABLE_DEBUG_INFO = NO;
				MTL_FAST_MATH = YES;
				SDKROOT = iphoneos;
				SWIFT_COMPILATION_MODE = wholemodule;
				VALIDATE_PRODUCT = YES;
			};
			name = Release;
		};
		780EAE662CA76483004624B3 /* Debug */ = {
			isa = XCBuildConfiguration;
			buildSettings = {
				ASSETCATALOG_COMPILER_APPICON_NAME = AppIcon;
				ASSETCATALOG_COMPILER_GLOBAL_ACCENT_COLOR_NAME = AccentColor;
				CLANG_ENABLE_MODULES = YES;
				CODE_SIGN_STYLE = Automatic;
				CURRENT_PROJECT_VERSION = 1;
				DEVELOPMENT_ASSET_PATHS = "\"SwiftVN/Preview Content\"";
				DEVELOPMENT_TEAM = P9WX4DW453;
				ENABLE_PREVIEWS = YES;
				GENERATE_INFOPLIST_FILE = YES;
				INFOPLIST_KEY_CFBundleDisplayName = SwiftVN;
				INFOPLIST_KEY_LSApplicationCategoryType = "public.app-category.entertainment";
				INFOPLIST_KEY_LSSupportsOpeningDocumentsInPlace = YES;
				INFOPLIST_KEY_UIApplicationSceneManifest_Generation = YES;
				INFOPLIST_KEY_UIApplicationSupportsIndirectInputEvents = YES;
				INFOPLIST_KEY_UILaunchScreen_Generation = YES;
				INFOPLIST_KEY_UIRequiredDeviceCapabilities = "";
				INFOPLIST_KEY_UISupportedInterfaceOrientations = "UIInterfaceOrientationLandscapeLeft UIInterfaceOrientationLandscapeRight";
				INFOPLIST_KEY_UISupportedInterfaceOrientations_iPad = "UIInterfaceOrientationLandscapeLeft UIInterfaceOrientationLandscapeRight UIInterfaceOrientationPortrait UIInterfaceOrientationPortraitUpsideDown";
				INFOPLIST_KEY_UISupportsDocumentBrowser = YES;
				LD_RUNPATH_SEARCH_PATHS = (
					"$(inherited)",
					"@executable_path/Frameworks",
				);
				MARKETING_VERSION = 0.1;
				PRODUCT_BUNDLE_IDENTIFIER = com.kru.SwiftVN;
				PRODUCT_NAME = "$(TARGET_NAME)";
				SWIFT_EMIT_LOC_STRINGS = YES;
				SWIFT_OBJC_BRIDGING_HEADER = "SwiftVN/SwiftVN-Bridging-Header.h";
				SWIFT_OPTIMIZATION_LEVEL = "-Onone";
				SWIFT_VERSION = 5.0;
				TARGETED_DEVICE_FAMILY = "1,2";
			};
			name = Debug;
		};
		780EAE672CA76483004624B3 /* Release */ = {
			isa = XCBuildConfiguration;
			buildSettings = {
				ASSETCATALOG_COMPILER_APPICON_NAME = AppIcon;
				ASSETCATALOG_COMPILER_GLOBAL_ACCENT_COLOR_NAME = AccentColor;
				CLANG_ENABLE_MODULES = YES;
				CODE_SIGN_STYLE = Automatic;
				CURRENT_PROJECT_VERSION = 1;
				DEVELOPMENT_ASSET_PATHS = "\"SwiftVN/Preview Content\"";
				DEVELOPMENT_TEAM = P9WX4DW453;
				ENABLE_PREVIEWS = YES;
				GENERATE_INFOPLIST_FILE = YES;
				INFOPLIST_KEY_CFBundleDisplayName = SwiftVN;
				INFOPLIST_KEY_LSApplicationCategoryType = "public.app-category.entertainment";
				INFOPLIST_KEY_LSSupportsOpeningDocumentsInPlace = YES;
				INFOPLIST_KEY_UIApplicationSceneManifest_Generation = YES;
				INFOPLIST_KEY_UIApplicationSupportsIndirectInputEvents = YES;
				INFOPLIST_KEY_UILaunchScreen_Generation = YES;
				INFOPLIST_KEY_UIRequiredDeviceCapabilities = "";
				INFOPLIST_KEY_UISupportedInterfaceOrientations = "UIInterfaceOrientationLandscapeLeft UIInterfaceOrientationLandscapeRight";
				INFOPLIST_KEY_UISupportedInterfaceOrientations_iPad = "UIInterfaceOrientationLandscapeLeft UIInterfaceOrientationLandscapeRight UIInterfaceOrientationPortrait UIInterfaceOrientationPortraitUpsideDown";
				INFOPLIST_KEY_UISupportsDocumentBrowser = YES;
				LD_RUNPATH_SEARCH_PATHS = (
					"$(inherited)",
					"@executable_path/Frameworks",
				);
				MARKETING_VERSION = 0.1;
				PRODUCT_BUNDLE_IDENTIFIER = com.kru.SwiftVN;
				PRODUCT_NAME = "$(TARGET_NAME)";
				SWIFT_EMIT_LOC_STRINGS = YES;
				SWIFT_OBJC_BRIDGING_HEADER = "SwiftVN/SwiftVN-Bridging-Header.h";
				SWIFT_VERSION = 5.0;
				TARGETED_DEVICE_FAMILY = "1,2";
			};
			name = Release;
		};
		780EAE692CA76483004624B3 /* Debug */ = {
			isa = XCBuildConfiguration;
			buildSettings = {
				BUNDLE_LOADER = "$(TEST_HOST)";
				CODE_SIGN_STYLE = Automatic;
				CURRENT_PROJECT_VERSION = 1;
				DEVELOPMENT_TEAM = P9WX4DW453;
				GENERATE_INFOPLIST_FILE = YES;
				IPHONEOS_DEPLOYMENT_TARGET = 18.0;
				MARKETING_VERSION = 1.0;
				PRODUCT_BUNDLE_IDENTIFIER = com.kru.SwiftVNTests;
				PRODUCT_NAME = "$(TARGET_NAME)";
				SWIFT_EMIT_LOC_STRINGS = NO;
				SWIFT_VERSION = 5.0;
				TARGETED_DEVICE_FAMILY = "1,2";
				TEST_HOST = "$(BUILT_PRODUCTS_DIR)/SwiftVN.app/$(BUNDLE_EXECUTABLE_FOLDER_PATH)/SwiftVN";
			};
			name = Debug;
		};
		780EAE6A2CA76483004624B3 /* Release */ = {
			isa = XCBuildConfiguration;
			buildSettings = {
				BUNDLE_LOADER = "$(TEST_HOST)";
				CODE_SIGN_STYLE = Automatic;
				CURRENT_PROJECT_VERSION = 1;
				DEVELOPMENT_TEAM = P9WX4DW453;
				GENERATE_INFOPLIST_FILE = YES;
				IPHONEOS_DEPLOYMENT_TARGET = 18.0;
				MARKETING_VERSION = 1.0;
				PRODUCT_BUNDLE_IDENTIFIER = com.kru.SwiftVNTests;
				PRODUCT_NAME = "$(TARGET_NAME)";
				SWIFT_EMIT_LOC_STRINGS = NO;
				SWIFT_VERSION = 5.0;
				TARGETED_DEVICE_FAMILY = "1,2";
				TEST_HOST = "$(BUILT_PRODUCTS_DIR)/SwiftVN.app/$(BUNDLE_EXECUTABLE_FOLDER_PATH)/SwiftVN";
			};
			name = Release;
		};
		780EAE6C2CA76483004624B3 /* Debug */ = {
			isa = XCBuildConfiguration;
			buildSettings = {
				CODE_SIGN_STYLE = Automatic;
				CURRENT_PROJECT_VERSION = 1;
				DEVELOPMENT_TEAM = P9WX4DW453;
				GENERATE_INFOPLIST_FILE = YES;
				MARKETING_VERSION = 1.0;
				PRODUCT_BUNDLE_IDENTIFIER = com.kru.SwiftVNUITests;
				PRODUCT_NAME = "$(TARGET_NAME)";
				SWIFT_EMIT_LOC_STRINGS = NO;
				SWIFT_VERSION = 5.0;
				TARGETED_DEVICE_FAMILY = "1,2";
				TEST_TARGET_NAME = SwiftVN;
			};
			name = Debug;
		};
		780EAE6D2CA76483004624B3 /* Release */ = {
			isa = XCBuildConfiguration;
			buildSettings = {
				CODE_SIGN_STYLE = Automatic;
				CURRENT_PROJECT_VERSION = 1;
				DEVELOPMENT_TEAM = P9WX4DW453;
				GENERATE_INFOPLIST_FILE = YES;
				MARKETING_VERSION = 1.0;
				PRODUCT_BUNDLE_IDENTIFIER = com.kru.SwiftVNUITests;
				PRODUCT_NAME = "$(TARGET_NAME)";
				SWIFT_EMIT_LOC_STRINGS = NO;
				SWIFT_VERSION = 5.0;
				TARGETED_DEVICE_FAMILY = "1,2";
				TEST_TARGET_NAME = SwiftVN;
			};
			name = Release;
		};
/* End XCBuildConfiguration section */

/* Begin XCConfigurationList section */
		780EAE3A2CA76481004624B3 /* Build configuration list for PBXProject "SwiftVN" */ = {
			isa = XCConfigurationList;
			buildConfigurations = (
				780EAE632CA76483004624B3 /* Debug */,
				780EAE642CA76483004624B3 /* Release */,
			);
			defaultConfigurationIsVisible = 0;
			defaultConfigurationName = Release;
		};
		780EAE652CA76483004624B3 /* Build configuration list for PBXNativeTarget "SwiftVN" */ = {
			isa = XCConfigurationList;
			buildConfigurations = (
				780EAE662CA76483004624B3 /* Debug */,
				780EAE672CA76483004624B3 /* Release */,
			);
			defaultConfigurationIsVisible = 0;
			defaultConfigurationName = Release;
		};
		780EAE682CA76483004624B3 /* Build configuration list for PBXNativeTarget "SwiftVNTests" */ = {
			isa = XCConfigurationList;
			buildConfigurations = (
				780EAE692CA76483004624B3 /* Debug */,
				780EAE6A2CA76483004624B3 /* Release */,
			);
			defaultConfigurationIsVisible = 0;
			defaultConfigurationName = Release;
		};
		780EAE6B2CA76483004624B3 /* Build configuration list for PBXNativeTarget "SwiftVNUITests" */ = {
			isa = XCConfigurationList;
			buildConfigurations = (
				780EAE6C2CA76483004624B3 /* Debug */,
				780EAE6D2CA76483004624B3 /* Release */,
			);
			defaultConfigurationIsVisible = 0;
			defaultConfigurationName = Release;
		};
/* End XCConfigurationList section */

/* Begin XCRemoteSwiftPackageReference section */
		7817415D2CA89B9500D0B3B9 /* XCRemoteSwiftPackageReference "swift-log" */ = {
			isa = XCRemoteSwiftPackageReference;
			repositoryURL = "https://github.com/apple/swift-log";
			requirement = {
				kind = upToNextMajorVersion;
				minimumVersion = 1.6.1;
			};
		};
		7859C39A2CA849C200051A60 /* XCRemoteSwiftPackageReference "ZIPFoundation" */ = {
			isa = XCRemoteSwiftPackageReference;
			repositoryURL = "https://github.com/weichsel/ZIPFoundation";
			requirement = {
				kind = upToNextMajorVersion;
				minimumVersion = 0.9.19;
			};
		};
/* End XCRemoteSwiftPackageReference section */

/* Begin XCSwiftPackageProductDependency section */
		7817415E2CA89B9500D0B3B9 /* Logging */ = {
			isa = XCSwiftPackageProductDependency;
			package = 7817415D2CA89B9500D0B3B9 /* XCRemoteSwiftPackageReference "swift-log" */;
			productName = Logging;
		};
		7859C39B2CA849C200051A60 /* ZIPFoundation */ = {
			isa = XCSwiftPackageProductDependency;
			package = 7859C39A2CA849C200051A60 /* XCRemoteSwiftPackageReference "ZIPFoundation" */;
			productName = ZIPFoundation;
		};
/* End XCSwiftPackageProductDependency section */
	};
	rootObject = 780EAE372CA76481004624B3 /* Project object */;
}
